
Microsoft Visual Studio Solution File, Format Version 12.00
# Visual Studio Version 17
VisualStudioVersion = 17.5.33424.131
MinimumVisualStudioVersion = 10.0.40219.1
Project("{9A19103F-16F7-4668-BE54-9A1E7A4F7556}") = "zhhtmltopdf", "zh-tools-dotnet\zhhtmltopdf.csproj", "{AD614D52-02E2-421C-81C7-79E125E4C6CD}"
EndProject
Project("{FAE04EC0-301F-11D3-BF4B-00C04F79EFBC}") = "log", "log\log.csproj", "{664F5015-A553-48B1-B1E9-6F4C739BF5FB}"
EndProject
Global
	GlobalSection(SolutionConfigurationPlatforms) = preSolution
		Debug|Any CPU = Debug|Any CPU
		Release|Any CPU = Release|Any CPU
	EndGlobalSection
	GlobalSection(ProjectConfigurationPlatforms) = postSolution
		{AD614D52-02E2-421C-81C7-79E125E4C6CD}.Debug|Any CPU.ActiveCfg = Debug|Any CPU
		{AD614D52-02E2-421C-81C7-79E125E4C6CD}.Debug|Any CPU.Build.0 = Debug|Any CPU
		{AD614D52-02E2-421C-81C7-79E125E4C6CD}.Release|Any CPU.ActiveCfg = Release|Any CPU
		{AD614D52-02E2-421C-81C7-79E125E4C6CD}.Release|Any CPU.Build.0 = Release|Any CPU
		{664F5015-A553-48B1-B1E9-6F4C739BF5FB}.Debug|Any CPU.ActiveCfg = Debug|Any CPU
		{664F5015-A553-48B1-B1E9-6F4C739BF5FB}.Debug|Any CPU.Build.0 = Debug|Any CPU
		{664F5015-A553-48B1-B1E9-6F4C739BF5FB}.Release|Any CPU.ActiveCfg = Release|Any CPU
		{664F5015-A553-48B1-B1E9-6F4C739BF5FB}.Release|Any CPU.Build.0 = Release|Any CPU
	EndGlobalSection
	GlobalSection(SolutionProperties) = preSolution
		HideSolutionNode = FALSE
	EndGlobalSection
	GlobalSection(ExtensibilityGlobals) = postSolution
		SolutionGuid = {2E217E9F-53DA-4B0C-A2E2-AF8D3AF4D387}
	EndGlobalSection
EndGlobal
